// !$*UTF8*$!
{
	archiveVersion = 1;
	classes = {
	};
	objectVersion = 56;
	objects = {

/* Begin PBXBuildFile section */
		430896E62B0385E800806CF2 /* MotionAnimationView.swift in Sources */ = {isa = PBXBuildFile; fileRef = 430896E52B0385E800806CF2 /* MotionAnimationView.swift */; };
		430896E82B03B6E300806CF2 /* AnimalGridItemView.swift in Sources */ = {isa = PBXBuildFile; fileRef = 430896E72B03B6E300806CF2 /* AnimalGridItemView.swift */; };
		435188062AF95BE5000997F3 /* AfricaApp.swift in Sources */ = {isa = PBXBuildFile; fileRef = 435188052AF95BE5000997F3 /* AfricaApp.swift */; };
		435188082AF95BE5000997F3 /* ContentView.swift in Sources */ = {isa = PBXBuildFile; fileRef = 435188072AF95BE5000997F3 /* ContentView.swift */; };
		4351880A2AF95BE6000997F3 /* Assets.xcassets in Resources */ = {isa = PBXBuildFile; fileRef = 435188092AF95BE6000997F3 /* Assets.xcassets */; };
		4351880D2AF95BE6000997F3 /* Preview Assets.xcassets in Resources */ = {isa = PBXBuildFile; fileRef = 4351880C2AF95BE6000997F3 /* Preview Assets.xcassets */; };
		4351881E2AF95E40000997F3 /* lioness.mp4 in Resources */ = {isa = PBXBuildFile; fileRef = 435188142AF95E3E000997F3 /* lioness.mp4 */; };
		4351881F2AF95E40000997F3 /* zebra.mp4 in Resources */ = {isa = PBXBuildFile; fileRef = 435188152AF95E3F000997F3 /* zebra.mp4 */; };
		435188202AF95E40000997F3 /* gorilla.mp4 in Resources */ = {isa = PBXBuildFile; fileRef = 435188162AF95E3F000997F3 /* gorilla.mp4 */; };
		435188212AF95E40000997F3 /* giraffe.mp4 in Resources */ = {isa = PBXBuildFile; fileRef = 435188172AF95E3F000997F3 /* giraffe.mp4 */; };
		435188222AF95E40000997F3 /* cheetah.mp4 in Resources */ = {isa = PBXBuildFile; fileRef = 435188182AF95E3F000997F3 /* cheetah.mp4 */; };
		435188232AF95E40000997F3 /* ostrich.mp4 in Resources */ = {isa = PBXBuildFile; fileRef = 435188192AF95E3F000997F3 /* ostrich.mp4 */; };
		435188242AF95E40000997F3 /* hippo.mp4 in Resources */ = {isa = PBXBuildFile; fileRef = 4351881A2AF95E40000997F3 /* hippo.mp4 */; };
		435188252AF95E40000997F3 /* lion.mp4 in Resources */ = {isa = PBXBuildFile; fileRef = 4351881B2AF95E40000997F3 /* lion.mp4 */; };
		435188262AF95E40000997F3 /* elephant.mp4 in Resources */ = {isa = PBXBuildFile; fileRef = 4351881C2AF95E40000997F3 /* elephant.mp4 */; };
		435188272AF95E40000997F3 /* rhino.mp4 in Resources */ = {isa = PBXBuildFile; fileRef = 4351881D2AF95E40000997F3 /* rhino.mp4 */; };
		4351882D2AF95E8A000997F3 /* locations.json in Resources */ = {isa = PBXBuildFile; fileRef = 435188292AF95E8A000997F3 /* locations.json */; };
		4351882E2AF95E8A000997F3 /* animals.json in Resources */ = {isa = PBXBuildFile; fileRef = 4351882A2AF95E8A000997F3 /* animals.json */; };
		4351882F2AF95E8A000997F3 /* covers.json in Resources */ = {isa = PBXBuildFile; fileRef = 4351882B2AF95E8A000997F3 /* covers.json */; };
		435188302AF95E8A000997F3 /* videos.json in Resources */ = {isa = PBXBuildFile; fileRef = 4351882C2AF95E8A000997F3 /* videos.json */; };
		435188342AF961C8000997F3 /* VideoListView.swift in Sources */ = {isa = PBXBuildFile; fileRef = 435188332AF961C8000997F3 /* VideoListView.swift */; };
		435188362AF961E2000997F3 /* MapView.swift in Sources */ = {isa = PBXBuildFile; fileRef = 435188352AF961E2000997F3 /* MapView.swift */; };
		435188382AF9620A000997F3 /* GalleryView.swift in Sources */ = {isa = PBXBuildFile; fileRef = 435188372AF9620A000997F3 /* GalleryView.swift */; };
		4351883A2AF9622C000997F3 /* MainView.swift in Sources */ = {isa = PBXBuildFile; fileRef = 435188392AF9622C000997F3 /* MainView.swift */; };
		4351883E2AF96615000997F3 /* CoverImageView.swift in Sources */ = {isa = PBXBuildFile; fileRef = 4351883D2AF96615000997F3 /* CoverImageView.swift */; };
		4351885E2AFA6B03000997F3 /* CoverImageModel.swift in Sources */ = {isa = PBXBuildFile; fileRef = 4351885D2AFA6B03000997F3 /* CoverImageModel.swift */; };
		435188612AFA6BFF000997F3 /* CodableBundleExtension.swift in Sources */ = {isa = PBXBuildFile; fileRef = 435188602AFA6BFF000997F3 /* CodableBundleExtension.swift */; };
		436247472AFFFF23008DB7C6 /* MapAnnotationView.swift in Sources */ = {isa = PBXBuildFile; fileRef = 436247462AFFFF23008DB7C6 /* MapAnnotationView.swift */; };
		43779EA12B024D3D0050E44E /* LocationModel.swift in Sources */ = {isa = PBXBuildFile; fileRef = 43779EA02B024D3D0050E44E /* LocationModel.swift */; };
		43894ECB2AFD40CD00ED1FDB /* AnimalModel.swift in Sources */ = {isa = PBXBuildFile; fileRef = 43894ECA2AFD40CD00ED1FDB /* AnimalModel.swift */; };
		43894ECD2AFD7F1200ED1FDB /* AnimalDetailView.swift in Sources */ = {isa = PBXBuildFile; fileRef = 43894ECC2AFD7F1200ED1FDB /* AnimalDetailView.swift */; };
		43894ECF2AFD85E100ED1FDB /* HeadingView.swift in Sources */ = {isa = PBXBuildFile; fileRef = 43894ECE2AFD85E100ED1FDB /* HeadingView.swift */; };
		43979D612AFB6464000B9B1F /* AnimalListItemView.swift in Sources */ = {isa = PBXBuildFile; fileRef = 43979D602AFB6464000B9B1F /* AnimalListItemView.swift */; };
		439846A02AFE96FA00564A0F /* InsertGalleryView.swift in Sources */ = {isa = PBXBuildFile; fileRef = 4398469F2AFE96FA00564A0F /* InsertGalleryView.swift */; };
		439846A22AFEA13300564A0F /* InsertFactView.swift in Sources */ = {isa = PBXBuildFile; fileRef = 439846A12AFEA13300564A0F /* InsertFactView.swift */; };
		439846A42AFEA8E500564A0F /* InsertMapView.swift in Sources */ = {isa = PBXBuildFile; fileRef = 439846A32AFEA8E500564A0F /* InsertMapView.swift */; };
		439846A62AFED63800564A0F /* ExtenalWeblinkView.swift in Sources */ = {isa = PBXBuildFile; fileRef = 439846A52AFED63800564A0F /* ExtenalWeblinkView.swift */; };
		439DA84C2AFF65E600A8C115 /* VideoModel.swift in Sources */ = {isa = PBXBuildFile; fileRef = 439DA84B2AFF65E600A8C115 /* VideoModel.swift */; };
		439DA84E2AFF664C00A8C115 /* VideoListItemView.swift in Sources */ = {isa = PBXBuildFile; fileRef = 439DA84D2AFF664C00A8C115 /* VideoListItemView.swift */; };
		439DA8502AFF864500A8C115 /* VideoPlayerView.swift in Sources */ = {isa = PBXBuildFile; fileRef = 439DA84F2AFF864500A8C115 /* VideoPlayerView.swift */; };
		439DA8532AFF8C5F00A8C115 /* VideoPlayerHelper.swift in Sources */ = {isa = PBXBuildFile; fileRef = 439DA8522AFF8C5F00A8C115 /* VideoPlayerHelper.swift */; };
/* End PBXBuildFile section */

/* Begin PBXFileReference section */
		430896E52B0385E800806CF2 /* MotionAnimationView.swift */ = {isa = PBXFileReference; lastKnownFileType = sourcecode.swift; path = MotionAnimationView.swift; sourceTree = "<group>"; };
		430896E72B03B6E300806CF2 /* AnimalGridItemView.swift */ = {isa = PBXFileReference; lastKnownFileType = sourcecode.swift; path = AnimalGridItemView.swift; sourceTree = "<group>"; };
		435188022AF95BE5000997F3 /* Africa.app */ = {isa = PBXFileReference; explicitFileType = wrapper.application; includeInIndex = 0; path = Africa.app; sourceTree = BUILT_PRODUCTS_DIR; };
		435188052AF95BE5000997F3 /* AfricaApp.swift */ = {isa = PBXFileReference; lastKnownFileType = sourcecode.swift; path = AfricaApp.swift; sourceTree = "<group>"; };
		435188072AF95BE5000997F3 /* ContentView.swift */ = {isa = PBXFileReference; lastKnownFileType = sourcecode.swift; path = ContentView.swift; sourceTree = "<group>"; };
		435188092AF95BE6000997F3 /* Assets.xcassets */ = {isa = PBXFileReference; lastKnownFileType = folder.assetcatalog; path = Assets.xcassets; sourceTree = "<group>"; };
		4351880C2AF95BE6000997F3 /* Preview Assets.xcassets */ = {isa = PBXFileReference; lastKnownFileType = folder.assetcatalog; path = "Preview Assets.xcassets"; sourceTree = "<group>"; };
		435188142AF95E3E000997F3 /* lioness.mp4 */ = {isa = PBXFileReference; lastKnownFileType = file; path = lioness.mp4; sourceTree = "<group>"; };
		435188152AF95E3F000997F3 /* zebra.mp4 */ = {isa = PBXFileReference; lastKnownFileType = file; path = zebra.mp4; sourceTree = "<group>"; };
		435188162AF95E3F000997F3 /* gorilla.mp4 */ = {isa = PBXFileReference; lastKnownFileType = file; path = gorilla.mp4; sourceTree = "<group>"; };
		435188172AF95E3F000997F3 /* giraffe.mp4 */ = {isa = PBXFileReference; lastKnownFileType = file; path = giraffe.mp4; sourceTree = "<group>"; };
		435188182AF95E3F000997F3 /* cheetah.mp4 */ = {isa = PBXFileReference; lastKnownFileType = file; path = cheetah.mp4; sourceTree = "<group>"; };
		435188192AF95E3F000997F3 /* ostrich.mp4 */ = {isa = PBXFileReference; lastKnownFileType = file; path = ostrich.mp4; sourceTree = "<group>"; };
		4351881A2AF95E40000997F3 /* hippo.mp4 */ = {isa = PBXFileReference; lastKnownFileType = file; path = hippo.mp4; sourceTree = "<group>"; };
		4351881B2AF95E40000997F3 /* lion.mp4 */ = {isa = PBXFileReference; lastKnownFileType = file; path = lion.mp4; sourceTree = "<group>"; };
		4351881C2AF95E40000997F3 /* elephant.mp4 */ = {isa = PBXFileReference; lastKnownFileType = file; path = elephant.mp4; sourceTree = "<group>"; };
		4351881D2AF95E40000997F3 /* rhino.mp4 */ = {isa = PBXFileReference; lastKnownFileType = file; path = rhino.mp4; sourceTree = "<group>"; };
		435188292AF95E8A000997F3 /* locations.json */ = {isa = PBXFileReference; fileEncoding = 4; lastKnownFileType = text.json; path = locations.json; sourceTree = "<group>"; };
		4351882A2AF95E8A000997F3 /* animals.json */ = {isa = PBXFileReference; fileEncoding = 4; lastKnownFileType = text.json; path = animals.json; sourceTree = "<group>"; };
		4351882B2AF95E8A000997F3 /* covers.json */ = {isa = PBXFileReference; fileEncoding = 4; lastKnownFileType = text.json; path = covers.json; sourceTree = "<group>"; };
		4351882C2AF95E8A000997F3 /* videos.json */ = {isa = PBXFileReference; fileEncoding = 4; lastKnownFileType = text.json; path = videos.json; sourceTree = "<group>"; };
		435188312AF95FAE000997F3 /* Info.plist */ = {isa = PBXFileReference; lastKnownFileType = text.plist.xml; path = Info.plist; sourceTree = "<group>"; };
		435188332AF961C8000997F3 /* VideoListView.swift */ = {isa = PBXFileReference; lastKnownFileType = sourcecode.swift; path = VideoListView.swift; sourceTree = "<group>"; };
		435188352AF961E2000997F3 /* MapView.swift */ = {isa = PBXFileReference; lastKnownFileType = sourcecode.swift; path = MapView.swift; sourceTree = "<group>"; };
		435188372AF9620A000997F3 /* GalleryView.swift */ = {isa = PBXFileReference; lastKnownFileType = sourcecode.swift; path = GalleryView.swift; sourceTree = "<group>"; };
		435188392AF9622C000997F3 /* MainView.swift */ = {isa = PBXFileReference; lastKnownFileType = sourcecode.swift; path = MainView.swift; sourceTree = "<group>"; };
		4351883D2AF96615000997F3 /* CoverImageView.swift */ = {isa = PBXFileReference; lastKnownFileType = sourcecode.swift; path = CoverImageView.swift; sourceTree = "<group>"; };
		4351885D2AFA6B03000997F3 /* CoverImageModel.swift */ = {isa = PBXFileReference; lastKnownFileType = sourcecode.swift; path = CoverImageModel.swift; sourceTree = "<group>"; };
		435188602AFA6BFF000997F3 /* CodableBundleExtension.swift */ = {isa = PBXFileReference; lastKnownFileType = sourcecode.swift; path = CodableBundleExtension.swift; sourceTree = "<group>"; };
		436247462AFFFF23008DB7C6 /* MapAnnotationView.swift */ = {isa = PBXFileReference; lastKnownFileType = sourcecode.swift; path = MapAnnotationView.swift; sourceTree = "<group>"; };
		43779EA02B024D3D0050E44E /* LocationModel.swift */ = {isa = PBXFileReference; lastKnownFileType = sourcecode.swift; path = LocationModel.swift; sourceTree = "<group>"; };
		43894ECA2AFD40CD00ED1FDB /* AnimalModel.swift */ = {isa = PBXFileReference; lastKnownFileType = sourcecode.swift; path = AnimalModel.swift; sourceTree = "<group>"; };
		43894ECC2AFD7F1200ED1FDB /* AnimalDetailView.swift */ = {isa = PBXFileReference; lastKnownFileType = sourcecode.swift; path = AnimalDetailView.swift; sourceTree = "<group>"; };
		43894ECE2AFD85E100ED1FDB /* HeadingView.swift */ = {isa = PBXFileReference; lastKnownFileType = sourcecode.swift; path = HeadingView.swift; sourceTree = "<group>"; };
		43979D602AFB6464000B9B1F /* AnimalListItemView.swift */ = {isa = PBXFileReference; lastKnownFileType = sourcecode.swift; path = AnimalListItemView.swift; sourceTree = "<group>"; };
		4398469F2AFE96FA00564A0F /* InsertGalleryView.swift */ = {isa = PBXFileReference; lastKnownFileType = sourcecode.swift; path = InsertGalleryView.swift; sourceTree = "<group>"; };
		439846A12AFEA13300564A0F /* InsertFactView.swift */ = {isa = PBXFileReference; lastKnownFileType = sourcecode.swift; path = InsertFactView.swift; sourceTree = "<group>"; };
		439846A32AFEA8E500564A0F /* InsertMapView.swift */ = {isa = PBXFileReference; lastKnownFileType = sourcecode.swift; path = InsertMapView.swift; sourceTree = "<group>"; };
		439846A52AFED63800564A0F /* ExtenalWeblinkView.swift */ = {isa = PBXFileReference; lastKnownFileType = sourcecode.swift; path = ExtenalWeblinkView.swift; sourceTree = "<group>"; };
		439DA84B2AFF65E600A8C115 /* VideoModel.swift */ = {isa = PBXFileReference; lastKnownFileType = sourcecode.swift; path = VideoModel.swift; sourceTree = "<group>"; };
		439DA84D2AFF664C00A8C115 /* VideoListItemView.swift */ = {isa = PBXFileReference; lastKnownFileType = sourcecode.swift; path = VideoListItemView.swift; sourceTree = "<group>"; };
		439DA84F2AFF864500A8C115 /* VideoPlayerView.swift */ = {isa = PBXFileReference; lastKnownFileType = sourcecode.swift; path = VideoPlayerView.swift; sourceTree = "<group>"; };
		439DA8522AFF8C5F00A8C115 /* VideoPlayerHelper.swift */ = {isa = PBXFileReference; lastKnownFileType = sourcecode.swift; path = VideoPlayerHelper.swift; sourceTree = "<group>"; };
/* End PBXFileReference section */

/* Begin PBXFrameworksBuildPhase section */
		435187FF2AF95BE5000997F3 /* Frameworks */ = {
			isa = PBXFrameworksBuildPhase;
			buildActionMask = 2147483647;
			files = (
			);
			runOnlyForDeploymentPostprocessing = 0;
		};
/* End PBXFrameworksBuildPhase section */

/* Begin PBXGroup section */
		435187F92AF95BE5000997F3 = {
			isa = PBXGroup;
			children = (
				435188042AF95BE5000997F3 /* Africa */,
				435188032AF95BE5000997F3 /* Products */,
			);
			sourceTree = "<group>";
		};
		435188032AF95BE5000997F3 /* Products */ = {
			isa = PBXGroup;
			children = (
				435188022AF95BE5000997F3 /* Africa.app */,
			);
			name = Products;
			sourceTree = "<group>";
		};
		435188042AF95BE5000997F3 /* Africa */ = {
			isa = PBXGroup;
			children = (
				439DA8512AFF8C1D00A8C115 /* Helper */,
				435188322AF9616D000997F3 /* App */,
				4351885C2AFA6AEF000997F3 /* Model */,
				4351883C2AF965E3000997F3 /* View */,
				4351885F2AFA6BD6000997F3 /* Extension */,
				435188282AF95E69000997F3 /* Data */,
				435188132AF95DDE000997F3 /* Video */,
				435188092AF95BE6000997F3 /* Assets.xcassets */,
				4351880B2AF95BE6000997F3 /* Preview Content */,
			);
			path = Africa;
			sourceTree = "<group>";
		};
		4351880B2AF95BE6000997F3 /* Preview Content */ = {
			isa = PBXGroup;
			children = (
				435188312AF95FAE000997F3 /* Info.plist */,
				4351880C2AF95BE6000997F3 /* Preview Assets.xcassets */,
			);
			path = "Preview Content";
			sourceTree = "<group>";
		};
		435188132AF95DDE000997F3 /* Video */ = {
			isa = PBXGroup;
			children = (
				435188182AF95E3F000997F3 /* cheetah.mp4 */,
				4351881C2AF95E40000997F3 /* elephant.mp4 */,
				435188172AF95E3F000997F3 /* giraffe.mp4 */,
				435188162AF95E3F000997F3 /* gorilla.mp4 */,
				4351881A2AF95E40000997F3 /* hippo.mp4 */,
				4351881B2AF95E40000997F3 /* lion.mp4 */,
				435188142AF95E3E000997F3 /* lioness.mp4 */,
				435188192AF95E3F000997F3 /* ostrich.mp4 */,
				4351881D2AF95E40000997F3 /* rhino.mp4 */,
				435188152AF95E3F000997F3 /* zebra.mp4 */,
			);
			path = Video;
			sourceTree = "<group>";
		};
		435188282AF95E69000997F3 /* Data */ = {
			isa = PBXGroup;
			children = (
				4351882A2AF95E8A000997F3 /* animals.json */,
				4351882B2AF95E8A000997F3 /* covers.json */,
				435188292AF95E8A000997F3 /* locations.json */,
				4351882C2AF95E8A000997F3 /* videos.json */,
			);
			path = Data;
			sourceTree = "<group>";
		};
		435188322AF9616D000997F3 /* App */ = {
			isa = PBXGroup;
			children = (
				435188052AF95BE5000997F3 /* AfricaApp.swift */,
				435188072AF95BE5000997F3 /* ContentView.swift */,
				435188332AF961C8000997F3 /* VideoListView.swift */,
				435188352AF961E2000997F3 /* MapView.swift */,
				435188372AF9620A000997F3 /* GalleryView.swift */,
				435188392AF9622C000997F3 /* MainView.swift */,
			);
			path = App;
			sourceTree = "<group>";
		};
		4351883C2AF965E3000997F3 /* View */ = {
			isa = PBXGroup;
			children = (
				4351883D2AF96615000997F3 /* CoverImageView.swift */,
				43979D602AFB6464000B9B1F /* AnimalListItemView.swift */,
				43894ECC2AFD7F1200ED1FDB /* AnimalDetailView.swift */,
				43894ECE2AFD85E100ED1FDB /* HeadingView.swift */,
				4398469F2AFE96FA00564A0F /* InsertGalleryView.swift */,
				439846A12AFEA13300564A0F /* InsertFactView.swift */,
				439846A32AFEA8E500564A0F /* InsertMapView.swift */,
				439846A52AFED63800564A0F /* ExtenalWeblinkView.swift */,
				439DA84D2AFF664C00A8C115 /* VideoListItemView.swift */,
				439DA84F2AFF864500A8C115 /* VideoPlayerView.swift */,
				436247462AFFFF23008DB7C6 /* MapAnnotationView.swift */,
				430896E52B0385E800806CF2 /* MotionAnimationView.swift */,
				430896E72B03B6E300806CF2 /* AnimalGridItemView.swift */,
			);
			path = View;
			sourceTree = "<group>";
		};
		4351885C2AFA6AEF000997F3 /* Model */ = {
			isa = PBXGroup;
			children = (
				4351885D2AFA6B03000997F3 /* CoverImageModel.swift */,
				43894ECA2AFD40CD00ED1FDB /* AnimalModel.swift */,
				439DA84B2AFF65E600A8C115 /* VideoModel.swift */,
				43779EA02B024D3D0050E44E /* LocationModel.swift */,
			);
			path = Model;
			sourceTree = "<group>";
		};
		4351885F2AFA6BD6000997F3 /* Extension */ = {
			isa = PBXGroup;
			children = (
				435188602AFA6BFF000997F3 /* CodableBundleExtension.swift */,
			);
			path = Extension;
			sourceTree = "<group>";
		};
		439DA8512AFF8C1D00A8C115 /* Helper */ = {
			isa = PBXGroup;
			children = (
				439DA8522AFF8C5F00A8C115 /* VideoPlayerHelper.swift */,
			);
			path = Helper;
			sourceTree = "<group>";
		};
/* End PBXGroup section */

/* Begin PBXNativeTarget section */
		435188012AF95BE5000997F3 /* Africa */ = {
			isa = PBXNativeTarget;
			buildConfigurationList = 435188102AF95BE6000997F3 /* Build configuration list for PBXNativeTarget "Africa" */;
			buildPhases = (
				435187FE2AF95BE5000997F3 /* Sources */,
				435187FF2AF95BE5000997F3 /* Frameworks */,
				435188002AF95BE5000997F3 /* Resources */,
			);
			buildRules = (
			);
			dependencies = (
			);
			name = Africa;
			productName = Africa;
			productReference = 435188022AF95BE5000997F3 /* Africa.app */;
			productType = "com.apple.product-type.application";
		};
/* End PBXNativeTarget section */

/* Begin PBXProject section */
		435187FA2AF95BE5000997F3 /* Project object */ = {
			isa = PBXProject;
			attributes = {
				BuildIndependentTargetsInParallel = 1;
				LastSwiftUpdateCheck = 1500;
				LastUpgradeCheck = 1500;
				TargetAttributes = {
					435188012AF95BE5000997F3 = {
						CreatedOnToolsVersion = 15.0;
					};
				};
			};
			buildConfigurationList = 435187FD2AF95BE5000997F3 /* Build configuration list for PBXProject "Africa" */;
			compatibilityVersion = "Xcode 14.0";
			developmentRegion = en;
			hasScannedForEncodings = 0;
			knownRegions = (
				en,
				Base,
			);
			mainGroup = 435187F92AF95BE5000997F3;
			productRefGroup = 435188032AF95BE5000997F3 /* Products */;
			projectDirPath = "";
			projectRoot = "";
			targets = (
				435188012AF95BE5000997F3 /* Africa */,
			);
		};
/* End PBXProject section */

/* Begin PBXResourcesBuildPhase section */
		435188002AF95BE5000997F3 /* Resources */ = {
			isa = PBXResourcesBuildPhase;
			buildActionMask = 2147483647;
			files = (
				4351882D2AF95E8A000997F3 /* locations.json in Resources */,
				435188272AF95E40000997F3 /* rhino.mp4 in Resources */,
				4351881F2AF95E40000997F3 /* zebra.mp4 in Resources */,
				435188242AF95E40000997F3 /* hippo.mp4 in Resources */,
				4351880D2AF95BE6000997F3 /* Preview Assets.xcassets in Resources */,
				435188252AF95E40000997F3 /* lion.mp4 in Resources */,
				435188212AF95E40000997F3 /* giraffe.mp4 in Resources */,
				4351882E2AF95E8A000997F3 /* animals.json in Resources */,
				435188202AF95E40000997F3 /* gorilla.mp4 in Resources */,
				4351880A2AF95BE6000997F3 /* Assets.xcassets in Resources */,
				4351882F2AF95E8A000997F3 /* covers.json in Resources */,
				4351881E2AF95E40000997F3 /* lioness.mp4 in Resources */,
				435188232AF95E40000997F3 /* ostrich.mp4 in Resources */,
				435188302AF95E8A000997F3 /* videos.json in Resources */,
				435188222AF95E40000997F3 /* cheetah.mp4 in Resources */,
				435188262AF95E40000997F3 /* elephant.mp4 in Resources */,
			);
			runOnlyForDeploymentPostprocessing = 0;
		};
/* End PBXResourcesBuildPhase section */

/* Begin PBXSourcesBuildPhase section */
		435187FE2AF95BE5000997F3 /* Sources */ = {
			isa = PBXSourcesBuildPhase;
			buildActionMask = 2147483647;
			files = (
				436247472AFFFF23008DB7C6 /* MapAnnotationView.swift in Sources */,
				435188082AF95BE5000997F3 /* ContentView.swift in Sources */,
				43979D612AFB6464000B9B1F /* AnimalListItemView.swift in Sources */,
				43779EA12B024D3D0050E44E /* LocationModel.swift in Sources */,
				43894ECD2AFD7F1200ED1FDB /* AnimalDetailView.swift in Sources */,
				4351883A2AF9622C000997F3 /* MainView.swift in Sources */,
				4351883E2AF96615000997F3 /* CoverImageView.swift in Sources */,
				4351885E2AFA6B03000997F3 /* CoverImageModel.swift in Sources */,
				43894ECB2AFD40CD00ED1FDB /* AnimalModel.swift in Sources */,
				435188362AF961E2000997F3 /* MapView.swift in Sources */,
				435188062AF95BE5000997F3 /* AfricaApp.swift in Sources */,
				435188342AF961C8000997F3 /* VideoListView.swift in Sources */,
				439DA8532AFF8C5F00A8C115 /* VideoPlayerHelper.swift in Sources */,
				439846A62AFED63800564A0F /* ExtenalWeblinkView.swift in Sources */,
				435188382AF9620A000997F3 /* GalleryView.swift in Sources */,
				435188612AFA6BFF000997F3 /* CodableBundleExtension.swift in Sources */,
				439DA84C2AFF65E600A8C115 /* VideoModel.swift in Sources */,
				439846A42AFEA8E500564A0F /* InsertMapView.swift in Sources */,
				430896E82B03B6E300806CF2 /* AnimalGridItemView.swift in Sources */,
				439846A02AFE96FA00564A0F /* InsertGalleryView.swift in Sources */,
				439DA84E2AFF664C00A8C115 /* VideoListItemView.swift in Sources */,
				43894ECF2AFD85E100ED1FDB /* HeadingView.swift in Sources */,
				430896E62B0385E800806CF2 /* MotionAnimationView.swift in Sources */,
				439846A22AFEA13300564A0F /* InsertFactView.swift in Sources */,
				439DA8502AFF864500A8C115 /* VideoPlayerView.swift in Sources */,
			);
			runOnlyForDeploymentPostprocessing = 0;
		};
/* End PBXSourcesBuildPhase section */

/* Begin XCBuildConfiguration section */
		4351880E2AF95BE6000997F3 /* Debug */ = {
			isa = XCBuildConfiguration;
			buildSettings = {
				ALWAYS_SEARCH_USER_PATHS = NO;
				ASSETCATALOG_COMPILER_GENERATE_SWIFT_ASSET_SYMBOL_EXTENSIONS = YES;
				CLANG_ANALYZER_NONNULL = YES;
				CLANG_ANALYZER_NUMBER_OBJECT_CONVERSION = YES_AGGRESSIVE;
				CLANG_CXX_LANGUAGE_STANDARD = "gnu++20";
				CLANG_ENABLE_MODULES = YES;
				CLANG_ENABLE_OBJC_ARC = YES;
				CLANG_ENABLE_OBJC_WEAK = YES;
				CLANG_WARN_BLOCK_CAPTURE_AUTORELEASING = YES;
				CLANG_WARN_BOOL_CONVERSION = YES;
				CLANG_WARN_COMMA = YES;
				CLANG_WARN_CONSTANT_CONVERSION = YES;
				CLANG_WARN_DEPRECATED_OBJC_IMPLEMENTATIONS = YES;
				CLANG_WARN_DIRECT_OBJC_ISA_USAGE = YES_ERROR;
				CLANG_WARN_DOCUMENTATION_COMMENTS = YES;
				CLANG_WARN_EMPTY_BODY = YES;
				CLANG_WARN_ENUM_CONVERSION = YES;
				CLANG_WARN_INFINITE_RECURSION = YES;
				CLANG_WARN_INT_CONVERSION = YES;
				CLANG_WARN_NON_LITERAL_NULL_CONVERSION = YES;
				CLANG_WARN_OBJC_IMPLICIT_RETAIN_SELF = YES;
				CLANG_WARN_OBJC_LITERAL_CONVERSION = YES;
				CLANG_WARN_OBJC_ROOT_CLASS = YES_ERROR;
				CLANG_WARN_QUOTED_INCLUDE_IN_FRAMEWORK_HEADER = YES;
				CLANG_WARN_RANGE_LOOP_ANALYSIS = YES;
				CLANG_WARN_STRICT_PROTOTYPES = YES;
				CLANG_WARN_SUSPICIOUS_MOVE = YES;
				CLANG_WARN_UNGUARDED_AVAILABILITY = YES_AGGRESSIVE;
				CLANG_WARN_UNREACHABLE_CODE = YES;
				CLANG_WARN__DUPLICATE_METHOD_MATCH = YES;
				COPY_PHASE_STRIP = NO;
				DEBUG_INFORMATION_FORMAT = dwarf;
				ENABLE_STRICT_OBJC_MSGSEND = YES;
				ENABLE_TESTABILITY = YES;
				ENABLE_USER_SCRIPT_SANDBOXING = YES;
				GCC_C_LANGUAGE_STANDARD = gnu17;
				GCC_DYNAMIC_NO_PIC = NO;
				GCC_NO_COMMON_BLOCKS = YES;
				GCC_OPTIMIZATION_LEVEL = 0;
				GCC_PREPROCESSOR_DEFINITIONS = (
					"DEBUG=1",
					"$(inherited)",
				);
				GCC_WARN_64_TO_32_BIT_CONVERSION = YES;
				GCC_WARN_ABOUT_RETURN_TYPE = YES_ERROR;
				GCC_WARN_UNDECLARED_SELECTOR = YES;
				GCC_WARN_UNINITIALIZED_AUTOS = YES_AGGRESSIVE;
				GCC_WARN_UNUSED_FUNCTION = YES;
				GCC_WARN_UNUSED_VARIABLE = YES;
				IPHONEOS_DEPLOYMENT_TARGET = 17.0;
				LOCALIZATION_PREFERS_STRING_CATALOGS = YES;
				MTL_ENABLE_DEBUG_INFO = INCLUDE_SOURCE;
				MTL_FAST_MATH = YES;
				ONLY_ACTIVE_ARCH = YES;
				SDKROOT = iphoneos;
				SWIFT_ACTIVE_COMPILATION_CONDITIONS = "DEBUG $(inherited)";
				SWIFT_OPTIMIZATION_LEVEL = "-Onone";
			};
			name = Debug;
		};
		4351880F2AF95BE6000997F3 /* Release */ = {
			isa = XCBuildConfiguration;
			buildSettings = {
				ALWAYS_SEARCH_USER_PATHS = NO;
				ASSETCATALOG_COMPILER_GENERATE_SWIFT_ASSET_SYMBOL_EXTENSIONS = YES;
				CLANG_ANALYZER_NONNULL = YES;
				CLANG_ANALYZER_NUMBER_OBJECT_CONVERSION = YES_AGGRESSIVE;
				CLANG_CXX_LANGUAGE_STANDARD = "gnu++20";
				CLANG_ENABLE_MODULES = YES;
				CLANG_ENABLE_OBJC_ARC = YES;
				CLANG_ENABLE_OBJC_WEAK = YES;
				CLANG_WARN_BLOCK_CAPTURE_AUTORELEASING = YES;
				CLANG_WARN_BOOL_CONVERSION = YES;
				CLANG_WARN_COMMA = YES;
				CLANG_WARN_CONSTANT_CONVERSION = YES;
				CLANG_WARN_DEPRECATED_OBJC_IMPLEMENTATIONS = YES;
				CLANG_WARN_DIRECT_OBJC_ISA_USAGE = YES_ERROR;
				CLANG_WARN_DOCUMENTATION_COMMENTS = YES;
				CLANG_WARN_EMPTY_BODY = YES;
				CLANG_WARN_ENUM_CONVERSION = YES;
				CLANG_WARN_INFINITE_RECURSION = YES;
				CLANG_WARN_INT_CONVERSION = YES;
				CLANG_WARN_NON_LITERAL_NULL_CONVERSION = YES;
				CLANG_WARN_OBJC_IMPLICIT_RETAIN_SELF = YES;
				CLANG_WARN_OBJC_LITERAL_CONVERSION = YES;
				CLANG_WARN_OBJC_ROOT_CLASS = YES_ERROR;
				CLANG_WARN_QUOTED_INCLUDE_IN_FRAMEWORK_HEADER = YES;
				CLANG_WARN_RANGE_LOOP_ANALYSIS = YES;
				CLANG_WARN_STRICT_PROTOTYPES = YES;
				CLANG_WARN_SUSPICIOUS_MOVE = YES;
				CLANG_WARN_UNGUARDED_AVAILABILITY = YES_AGGRESSIVE;
				CLANG_WARN_UNREACHABLE_CODE = YES;
				CLANG_WARN__DUPLICATE_METHOD_MATCH = YES;
				COPY_PHASE_STRIP = NO;
				DEBUG_INFORMATION_FORMAT = "dwarf-with-dsym";
				ENABLE_NS_ASSERTIONS = NO;
				ENABLE_STRICT_OBJC_MSGSEND = YES;
				ENABLE_USER_SCRIPT_SANDBOXING = YES;
				GCC_C_LANGUAGE_STANDARD = gnu17;
				GCC_NO_COMMON_BLOCKS = YES;
				GCC_WARN_64_TO_32_BIT_CONVERSION = YES;
				GCC_WARN_ABOUT_RETURN_TYPE = YES_ERROR;
				GCC_WARN_UNDECLARED_SELECTOR = YES;
				GCC_WARN_UNINITIALIZED_AUTOS = YES_AGGRESSIVE;
				GCC_WARN_UNUSED_FUNCTION = YES;
				GCC_WARN_UNUSED_VARIABLE = YES;
				IPHONEOS_DEPLOYMENT_TARGET = 17.0;
				LOCALIZATION_PREFERS_STRING_CATALOGS = YES;
				MTL_ENABLE_DEBUG_INFO = NO;
				MTL_FAST_MATH = YES;
				SDKROOT = iphoneos;
				SWIFT_COMPILATION_MODE = wholemodule;
				VALIDATE_PRODUCT = YES;
			};
			name = Release;
		};
		435188112AF95BE6000997F3 /* Debug */ = {
			isa = XCBuildConfiguration;
			buildSettings = {
				ASSETCATALOG_COMPILER_APPICON_NAME = AppIcon;
				ASSETCATALOG_COMPILER_GLOBAL_ACCENT_COLOR_NAME = AccentColor;
				CODE_SIGN_STYLE = Automatic;
				CURRENT_PROJECT_VERSION = 1;
				DEVELOPMENT_ASSET_PATHS = "\"Africa/Preview Content\"";
				DEVELOPMENT_TEAM = 9GQ472AS49;
				ENABLE_PREVIEWS = YES;
				GENERATE_INFOPLIST_FILE = YES;
				INFOPLIST_FILE = Africa/Info.plist;
				INFOPLIST_KEY_CFBundleDisplayName = "";
				INFOPLIST_KEY_LSApplicationCategoryType = "";
				INFOPLIST_KEY_UIApplicationSceneManifest_Generation = YES;
				INFOPLIST_KEY_UIApplicationSupportsIndirectInputEvents = YES;
				INFOPLIST_KEY_UISupportedInterfaceOrientations_iPad = "UIInterfaceOrientationPortrait UIInterfaceOrientationPortraitUpsideDown UIInterfaceOrientationLandscapeLeft UIInterfaceOrientationLandscapeRight";
				INFOPLIST_KEY_UISupportedInterfaceOrientations_iPhone = "UIInterfaceOrientationPortrait UIInterfaceOrientationLandscapeLeft UIInterfaceOrientationLandscapeRight";
				INFOPLIST_KEY_UIUserInterfaceStyle = Dark;
				LD_RUNPATH_SEARCH_PATHS = (
					"$(inherited)",
					"@executable_path/Frameworks",
				);
				MARKETING_VERSION = 1.0;
				PRODUCT_BUNDLE_IDENTIFIER = com.prakharagarwal.Africa;
				PRODUCT_NAME = "$(TARGET_NAME)";
				SWIFT_EMIT_LOC_STRINGS = YES;
				SWIFT_VERSION = 5.0;
				TARGETED_DEVICE_FAMILY = "1,2";
			};
			name = Debug;
		};
		435188122AF95BE6000997F3 /* Release */ = {
			isa = XCBuildConfiguration;
			buildSettings = {
				ASSETCATALOG_COMPILER_APPICON_NAME = AppIcon;
				ASSETCATALOG_COMPILER_GLOBAL_ACCENT_COLOR_NAME = AccentColor;
				CODE_SIGN_STYLE = Automatic;
				CURRENT_PROJECT_VERSION = 1;
				DEVELOPMENT_ASSET_PATHS = "\"Africa/Preview Content\"";
				DEVELOPMENT_TEAM = 9GQ472AS49;
				ENABLE_PREVIEWS = YES;
				GENERATE_INFOPLIST_FILE = YES;
				INFOPLIST_FILE = Africa/Info.plist;
				INFOPLIST_KEY_CFBundleDisplayName = "";
				INFOPLIST_KEY_LSApplicationCategoryType = "";
				INFOPLIST_KEY_UIApplicationSceneManifest_Generation = YES;
				INFOPLIST_KEY_UIApplicationSupportsIndirectInputEvents = YES;
				INFOPLIST_KEY_UISupportedInterfaceOrientations_iPad = "UIInterfaceOrientationPortrait UIInterfaceOrientationPortraitUpsideDown UIInterfaceOrientationLandscapeLeft UIInterfaceOrientationLandscapeRight";
				INFOPLIST_KEY_UISupportedInterfaceOrientations_iPhone = "UIInterfaceOrientationPortrait UIInterfaceOrientationLandscapeLeft UIInterfaceOrientationLandscapeRight";
				INFOPLIST_KEY_UIUserInterfaceStyle = Dark;
				LD_RUNPATH_SEARCH_PATHS = (
					"$(inherited)",
					"@executable_path/Frameworks",
				);
				MARKETING_VERSION = 1.0;
				PRODUCT_BUNDLE_IDENTIFIER = com.prakharagarwal.Africa;
				PRODUCT_NAME = "$(TARGET_NAME)";
				SWIFT_EMIT_LOC_STRINGS = YES;
				SWIFT_VERSION = 5.0;
				TARGETED_DEVICE_FAMILY = "1,2";
			};
			name = Release;
		};
/* End XCBuildConfiguration section */

/* Begin XCConfigurationList section */
		435187FD2AF95BE5000997F3 /* Build configuration list for PBXProject "Africa" */ = {
			isa = XCConfigurationList;
			buildConfigurations = (
				4351880E2AF95BE6000997F3 /* Debug */,
				4351880F2AF95BE6000997F3 /* Release */,
			);
			defaultConfigurationIsVisible = 0;
			defaultConfigurationName = Release;
		};
		435188102AF95BE6000997F3 /* Build configuration list for PBXNativeTarget "Africa" */ = {
			isa = XCConfigurationList;
			buildConfigurations = (
				435188112AF95BE6000997F3 /* Debug */,
				435188122AF95BE6000997F3 /* Release */,
			);
			defaultConfigurationIsVisible = 0;
			defaultConfigurationName = Release;
		};
/* End XCConfigurationList section */
	};
	rootObject = 435187FA2AF95BE5000997F3 /* Project object */;
}
